// !$*UTF8*$!
{
	archiveVersion = 1;
	classes = {
	};
	objectVersion = 50;
	objects = {

/* Begin PBXBuildFile section */
		EC198CA821F8DA3300120CBF /* ProductList in Resources */ = {isa = PBXBuildFile; fileRef = EC198CA721F8DA3300120CBF /* ProductList */; };
		EC6B3F7521E7F8BC00C61396 /* AppleScriptObjC.framework in Frameworks */ = {isa = PBXBuildFile; fileRef = EC6B3F7421E7F8BC00C61396 /* AppleScriptObjC.framework */; };
		EC6B3F7821E7F8BC00C61396 /* AppDelegate.applescript in Sources */ = {isa = PBXBuildFile; fileRef = EC6B3F7721E7F8BC00C61396 /* AppDelegate.applescript */; };
		EC6B3F7A21E7F8BD00C61396 /* Assets.xcassets in Resources */ = {isa = PBXBuildFile; fileRef = EC6B3F7921E7F8BD00C61396 /* Assets.xcassets */; };
		EC6B3F7D21E7F8BD00C61396 /* MainMenu.xib in Resources */ = {isa = PBXBuildFile; fileRef = EC6B3F7B21E7F8BD00C61396 /* MainMenu.xib */; };
		EC6B3F8021E7F8BD00C61396 /* main.m in Sources */ = {isa = PBXBuildFile; fileRef = EC6B3F7F21E7F8BD00C61396 /* main.m */; };
/* End PBXBuildFile section */

/* Begin PBXFileReference section */
		EC198CA721F8DA3300120CBF /* ProductList */ = {isa = PBXFileReference; lastKnownFileType = folder; path = ProductList; sourceTree = "<group>"; };
		EC6B3F7121E7F8BC00C61396 /* DiagnOSXtic.app */ = {isa = PBXFileReference; explicitFileType = wrapper.application; includeInIndex = 0; path = DiagnOSXtic.app; sourceTree = BUILT_PRODUCTS_DIR; };
		EC6B3F7421E7F8BC00C61396 /* AppleScriptObjC.framework */ = {isa = PBXFileReference; lastKnownFileType = wrapper.framework; name = AppleScriptObjC.framework; path = System/Library/Frameworks/AppleScriptObjC.framework; sourceTree = SDKROOT; };
		EC6B3F7721E7F8BC00C61396 /* AppDelegate.applescript */ = {isa = PBXFileReference; lastKnownFileType = sourcecode.applescript; path = AppDelegate.applescript; sourceTree = "<group>"; };
		EC6B3F7921E7F8BD00C61396 /* Assets.xcassets */ = {isa = PBXFileReference; lastKnownFileType = folder.assetcatalog; path = Assets.xcassets; sourceTree = "<group>"; };
		EC6B3F7C21E7F8BD00C61396 /* Base */ = {isa = PBXFileReference; lastKnownFileType = file.xib; name = Base; path = Base.lproj/MainMenu.xib; sourceTree = "<group>"; };
		EC6B3F7E21E7F8BD00C61396 /* Info.plist */ = {isa = PBXFileReference; lastKnownFileType = text.plist.xml; path = Info.plist; sourceTree = "<group>"; };
		EC6B3F7F21E7F8BD00C61396 /* main.m */ = {isa = PBXFileReference; lastKnownFileType = sourcecode.c.objc; path = main.m; sourceTree = "<group>"; };
/* End PBXFileReference section */

/* Begin PBXFrameworksBuildPhase section */
		EC6B3F6E21E7F8BC00C61396 /* Frameworks */ = {
			isa = PBXFrameworksBuildPhase;
			buildActionMask = 2147483647;
			files = (
				EC6B3F7521E7F8BC00C61396 /* AppleScriptObjC.framework in Frameworks */,
			);
			runOnlyForDeploymentPostprocessing = 0;
		};
/* End PBXFrameworksBuildPhase section */

/* Begin PBXGroup section */
		EC6B3F6821E7F8BC00C61396 = {
			isa = PBXGroup;
			children = (
				EC6B3F7621E7F8BC00C61396 /* DiagnOSXtic */,
				EC6B3F7321E7F8BC00C61396 /* Frameworks */,
				EC6B3F7221E7F8BC00C61396 /* Products */,
			);
			sourceTree = "<group>";
		};
		EC6B3F7221E7F8BC00C61396 /* Products */ = {
			isa = PBXGroup;
			children = (
				EC6B3F7121E7F8BC00C61396 /* DiagnOSXtic.app */,
			);
			name = Products;
			sourceTree = "<group>";
		};
		EC6B3F7321E7F8BC00C61396 /* Frameworks */ = {
			isa = PBXGroup;
			children = (
				EC6B3F7421E7F8BC00C61396 /* AppleScriptObjC.framework */,
			);
			name = Frameworks;
			sourceTree = "<group>";
		};
		EC6B3F7621E7F8BC00C61396 /* DiagnOSXtic */ = {
			isa = PBXGroup;
			children = (
				EC6B3F7721E7F8BC00C61396 /* AppDelegate.applescript */,
				EC6B3F7921E7F8BD00C61396 /* Assets.xcassets */,
				EC6B3F7B21E7F8BD00C61396 /* MainMenu.xib */,
				EC6B3F7E21E7F8BD00C61396 /* Info.plist */,
				EC6B3F7F21E7F8BD00C61396 /* main.m */,
				EC198CA721F8DA3300120CBF /* ProductList */,
			);
			path = DiagnOSXtic;
			sourceTree = "<group>";
		};
/* End PBXGroup section */

/* Begin PBXNativeTarget section */
		EC6B3F7021E7F8BC00C61396 /* DiagnOSXtic */ = {
			isa = PBXNativeTarget;
			buildConfigurationList = EC6B3F8321E7F8BD00C61396 /* Build configuration list for PBXNativeTarget "DiagnOSXtic" */;
			buildPhases = (
				EC6B3F6D21E7F8BC00C61396 /* Sources */,
				EC6B3F6E21E7F8BC00C61396 /* Frameworks */,
				EC6B3F6F21E7F8BC00C61396 /* Resources */,
			);
			buildRules = (
			);
			dependencies = (
			);
			name = DiagnOSXtic;
			productName = DiagnOSXtic;
			productReference = EC6B3F7121E7F8BC00C61396 /* DiagnOSXtic.app */;
			productType = "com.apple.product-type.application";
		};
/* End PBXNativeTarget section */

/* Begin PBXProject section */
		EC6B3F6921E7F8BC00C61396 /* Project object */ = {
			isa = PBXProject;
			attributes = {
				LastUpgradeCheck = 1010;
				ORGANIZATIONNAME = "Eli Madsen";
				TargetAttributes = {
					EC6B3F7021E7F8BC00C61396 = {
						CreatedOnToolsVersion = 10.1;
					};
				};
			};
			buildConfigurationList = EC6B3F6C21E7F8BC00C61396 /* Build configuration list for PBXProject "DiagnOSXtic" */;
			compatibilityVersion = "Xcode 9.3";
			developmentRegion = en;
			hasScannedForEncodings = 0;
			knownRegions = (
				en,
				Base,
			);
			mainGroup = EC6B3F6821E7F8BC00C61396;
			productRefGroup = EC6B3F7221E7F8BC00C61396 /* Products */;
			projectDirPath = "";
			projectRoot = "";
			targets = (
				EC6B3F7021E7F8BC00C61396 /* DiagnOSXtic */,
			);
		};
/* End PBXProject section */

/* Begin PBXResourcesBuildPhase section */
		EC6B3F6F21E7F8BC00C61396 /* Resources */ = {
			isa = PBXResourcesBuildPhase;
			buildActionMask = 2147483647;
			files = (
				EC6B3F7A21E7F8BD00C61396 /* Assets.xcassets in Resources */,
				EC198CA821F8DA3300120CBF /* ProductList in Resources */,
				EC6B3F7D21E7F8BD00C61396 /* MainMenu.xib in Resources */,
			);
			runOnlyForDeploymentPostprocessing = 0;
		};
/* End PBXResourcesBuildPhase section */

/* Begin PBXSourcesBuildPhase section */
		EC6B3F6D21E7F8BC00C61396 /* Sources */ = {
			isa = PBXSourcesBuildPhase;
			buildActionMask = 2147483647;
			files = (
				EC6B3F8021E7F8BD00C61396 /* main.m in Sources */,
				EC6B3F7821E7F8BC00C61396 /* AppDelegate.applescript in Sources */,
			);
			runOnlyForDeploymentPostprocessing = 0;
		};
/* End PBXSourcesBuildPhase section */

/* Begin PBXVariantGroup section */
		EC6B3F7B21E7F8BD00C61396 /* MainMenu.xib */ = {
			isa = PBXVariantGroup;
			children = (
				EC6B3F7C21E7F8BD00C61396 /* Base */,
			);
			name = MainMenu.xib;
			sourceTree = "<group>";
		};
/* End PBXVariantGroup section */

/* Begin XCBuildConfiguration section */
		EC6B3F8121E7F8BD00C61396 /* Debug */ = {
			isa = XCBuildConfiguration;
			buildSettings = {
				ALWAYS_SEARCH_USER_PATHS = NO;
				CLANG_ANALYZER_NONNULL = YES;
				CLANG_ANALYZER_NUMBER_OBJECT_CONVERSION = YES_AGGRESSIVE;
				CLANG_CXX_LANGUAGE_STANDARD = "gnu++14";
				CLANG_CXX_LIBRARY = "libc++";
				CLANG_ENABLE_MODULES = YES;
				CLANG_ENABLE_OBJC_ARC = YES;
				CLANG_ENABLE_OBJC_WEAK = YES;
				CLANG_WARN_BLOCK_CAPTURE_AUTORELEASING = YES;
				CLANG_WARN_BOOL_CONVERSION = YES;
				CLANG_WARN_COMMA = YES;
				CLANG_WARN_CONSTANT_CONVERSION = YES;
				CLANG_WARN_DEPRECATED_OBJC_IMPLEMENTATIONS = YES;
				CLANG_WARN_DIRECT_OBJC_ISA_USAGE = YES_ERROR;
				CLANG_WARN_DOCUMENTATION_COMMENTS = YES;
				CLANG_WARN_EMPTY_BODY = YES;
				CLANG_WARN_ENUM_CONVERSION = YES;
				CLANG_WARN_INFINITE_RECURSION = YES;
				CLANG_WARN_INT_CONVERSION = YES;
				CLANG_WARN_NON_LITERAL_NULL_CONVERSION = YES;
				CLANG_WARN_OBJC_IMPLICIT_RETAIN_SELF = YES;
				CLANG_WARN_OBJC_LITERAL_CONVERSION = YES;
				CLANG_WARN_OBJC_ROOT_CLASS = YES_ERROR;
				CLANG_WARN_RANGE_LOOP_ANALYSIS = YES;
				CLANG_WARN_STRICT_PROTOTYPES = YES;
				CLANG_WARN_SUSPICIOUS_MOVE = YES;
				CLANG_WARN_UNGUARDED_AVAILABILITY = YES_AGGRESSIVE;
				CLANG_WARN_UNREACHABLE_CODE = YES;
				CLANG_WARN__DUPLICATE_METHOD_MATCH = YES;
				CODE_SIGN_IDENTITY = "Mac Developer";
				COPY_PHASE_STRIP = NO;
				DEBUG_INFORMATION_FORMAT = dwarf;
				ENABLE_STRICT_OBJC_MSGSEND = YES;
				ENABLE_TESTABILITY = YES;
				GCC_C_LANGUAGE_STANDARD = gnu11;
				GCC_DYNAMIC_NO_PIC = NO;
				GCC_NO_COMMON_BLOCKS = YES;
				GCC_OPTIMIZATION_LEVEL = 0;
				GCC_PREPROCESSOR_DEFINITIONS = (
					"DEBUG=1",
					"$(inherited)",
				);
				GCC_WARN_64_TO_32_BIT_CONVERSION = YES;
				GCC_WARN_ABOUT_RETURN_TYPE = YES_ERROR;
				GCC_WARN_UNDECLARED_SELECTOR = YES;
				GCC_WARN_UNINITIALIZED_AUTOS = YES_AGGRESSIVE;
				GCC_WARN_UNUSED_FUNCTION = YES;
				GCC_WARN_UNUSED_VARIABLE = YES;
				MACOSX_DEPLOYMENT_TARGET = 10.14;
				MTL_ENABLE_DEBUG_INFO = INCLUDE_SOURCE;
				MTL_FAST_MATH = YES;
				ONLY_ACTIVE_ARCH = YES;
				SDKROOT = macosx;
			};
			name = Debug;
		};
		EC6B3F8221E7F8BD00C61396 /* Release */ = {
			isa = XCBuildConfiguration;
			buildSettings = {
				ALWAYS_SEARCH_USER_PATHS = NO;
				CLANG_ANALYZER_NONNULL = YES;
				CLANG_ANALYZER_NUMBER_OBJECT_CONVERSION = YES_AGGRESSIVE;
				CLANG_CXX_LANGUAGE_STANDARD = "gnu++14";
				CLANG_CXX_LIBRARY = "libc++";
				CLANG_ENABLE_MODULES = YES;
				CLANG_ENABLE_OBJC_ARC = YES;
				CLANG_ENABLE_OBJC_WEAK = YES;
				CLANG_WARN_BLOCK_CAPTURE_AUTORELEASING = YES;
				CLANG_WARN_BOOL_CONVERSION = YES;
				CLANG_WARN_COMMA = YES;
				CLANG_WARN_CONSTANT_CONVERSION = YES;
				CLANG_WARN_DEPRECATED_OBJC_IMPLEMENTATIONS = YES;
				CLANG_WARN_DIRECT_OBJC_ISA_USAGE = YES_ERROR;
				CLANG_WARN_DOCUMENTATION_COMMENTS = YES;
				CLANG_WARN_EMPTY_BODY = YES;
				CLANG_WARN_ENUM_CONVERSION = YES;
				CLANG_WARN_INFINITE_RECURSION = YES;
				CLANG_WARN_INT_CONVERSION = YES;
				CLANG_WARN_NON_LITERAL_NULL_CONVERSION = YES;
				CLANG_WARN_OBJC_IMPLICIT_RETAIN_SELF = YES;
				CLANG_WARN_OBJC_LITERAL_CONVERSION = YES;
				CLANG_WARN_OBJC_ROOT_CLASS = YES_ERROR;
				CLANG_WARN_RANGE_LOOP_ANALYSIS = YES;
				CLANG_WARN_STRICT_PROTOTYPES = YES;
				CLANG_WARN_SUSPICIOUS_MOVE = YES;
				CLANG_WARN_UNGUARDED_AVAILABILITY = YES_AGGRESSIVE;
				CLANG_WARN_UNREACHABLE_CODE = YES;
				CLANG_WARN__DUPLICATE_METHOD_MATCH = YES;
				CODE_SIGN_IDENTITY = "Mac Developer";
				COPY_PHASE_STRIP = NO;
				DEBUG_INFORMATION_FORMAT = "dwarf-with-dsym";
				ENABLE_NS_ASSERTIONS = NO;
				ENABLE_STRICT_OBJC_MSGSEND = YES;
				GCC_C_LANGUAGE_STANDARD = gnu11;
				GCC_NO_COMMON_BLOCKS = YES;
				GCC_WARN_64_TO_32_BIT_CONVERSION = YES;
				GCC_WARN_ABOUT_RETURN_TYPE = YES_ERROR;
				GCC_WARN_UNDECLARED_SELECTOR = YES;
				GCC_WARN_UNINITIALIZED_AUTOS = YES_AGGRESSIVE;
				GCC_WARN_UNUSED_FUNCTION = YES;
				GCC_WARN_UNUSED_VARIABLE = YES;
				MACOSX_DEPLOYMENT_TARGET = 10.14;
				MTL_ENABLE_DEBUG_INFO = NO;
				MTL_FAST_MATH = YES;
				SDKROOT = macosx;
			};
			name = Release;
		};
		EC6B3F8421E7F8BD00C61396 /* Debug */ = {
			isa = XCBuildConfiguration;
			buildSettings = {
				ASSETCATALOG_COMPILER_APPICON_NAME = AppIcon;
				CODE_SIGN_STYLE = Automatic;
				COMBINE_HIDPI_IMAGES = YES;
				DEVELOPMENT_TEAM = DM4327J4YB;
				INFOPLIST_FILE = DiagnOSXtic/Info.plist;
				LD_RUNPATH_SEARCH_PATHS = (
					"$(inherited)",
					"@executable_path/../Frameworks",
				);
				PRODUCT_BUNDLE_IDENTIFIER = me.elitmadsen.DiagnOSXtic;
				PRODUCT_NAME = "$(TARGET_NAME)";
			};
			name = Debug;
		};
		EC6B3F8521E7F8BD00C61396 /* Release */ = {
			isa = XCBuildConfiguration;
			buildSettings = {
				ASSETCATALOG_COMPILER_APPICON_NAME = AppIcon;
				CODE_SIGN_STYLE = Automatic;
				COMBINE_HIDPI_IMAGES = YES;
				DEVELOPMENT_TEAM = DM4327J4YB;
				INFOPLIST_FILE = DiagnOSXtic/Info.plist;
				LD_RUNPATH_SEARCH_PATHS = (
					"$(inherited)",
					"@executable_path/../Frameworks",
				);
				PRODUCT_BUNDLE_IDENTIFIER = me.elitmadsen.DiagnOSXtic;
				PRODUCT_NAME = "$(TARGET_NAME)";
			};
			name = Release;
		};
/* End XCBuildConfiguration section */

/* Begin XCConfigurationList section */
		EC6B3F6C21E7F8BC00C61396 /* Build configuration list for PBXProject "DiagnOSXtic" */ = {
			isa = XCConfigurationList;
			buildConfigurations = (
				EC6B3F8121E7F8BD00C61396 /* Debug */,
				EC6B3F8221E7F8BD00C61396 /* Release */,
			);
			defaultConfigurationIsVisible = 0;
			defaultConfigurationName = Release;
		};
		EC6B3F8321E7F8BD00C61396 /* Build configuration list for PBXNativeTarget "DiagnOSXtic" */ = {
			isa = XCConfigurationList;
			buildConfigurations = (
				EC6B3F8421E7F8BD00C61396 /* Debug */,
				EC6B3F8521E7F8BD00C61396 /* Release */,
			);
			defaultConfigurationIsVisible = 0;
			defaultConfigurationName = Release;
		};
/* End XCConfigurationList section */
	};
	rootObject = EC6B3F6921E7F8BC00C61396 /* Project object */;
}
